<Solution>
  <Project Path="../eCommerce.SharedLibary/eCommerce.SharedLibary/eCommerce.SharedLibary.csproj" />
  <Project Path="ProductApi.Application/ProductApi.Application.csproj" />
  <Project Path="ProductApi.Domain/ProductApi.Domain.csproj" Id="23a77a81-c982-45d0-b426-cbc6d9c35140" />
  <Project Path="ProductApi.Frame/ProductApi.Frame.csproj" Id="161e487a-d2e6-4de1-9fba-6103b2ae1273" />
  <Project Path="ProductApi.Presentation/ProductApi.Presentation.csproj" Id="c56b8b46-800a-4aaf-ae31-608d16d81139" />
</Solution>
