<Solution>
  <Project Path="C:/Users/login/Desktop/Datalinks Internship Program/e-commerce-microservices-demo/eCommerce.SharedLibary/eCommerce.SharedLibary/eCommerce.SharedLibary.csproj" />
  <Project Path="GatewayApi.Presentaion/GatewayApi.Presentaion.csproj" Id="1704ae5b-699d-4397-8f89-ed81e18ea2e1" />
</Solution>
